
Microsoft Visual Studio Solution File, Format Version 12.00
# Visual Studio Version 17
VisualStudioVersion = 17.13.35818.85 d17.13
MinimumVisualStudioVersion = 10.0.40219.1
Project("{FAE04EC0-301F-11D3-BF4B-00C04F79EFBC}") = "ajastin", "ajastin\ajastin.csproj", "{D1E6423A-22CF-4C7B-A8AB-0939C888F603}"
EndProject
Global
	GlobalSection(SolutionConfigurationPlatforms) = preSolution
		Debug|Any CPU = Debug|Any CPU
		Release|Any CPU = Release|Any CPU
	EndGlobalSection
	GlobalSection(ProjectConfigurationPlatforms) = postSolution
		{D1E6423A-22CF-4C7B-A8AB-0939C888F603}.Debug|Any CPU.ActiveCfg = Debug|Any CPU
		{D1E6423A-22CF-4C7B-A8AB-0939C888F603}.Debug|Any CPU.Build.0 = Debug|Any CPU
		{D1E6423A-22CF-4C7B-A8AB-0939C888F603}.Release|Any CPU.ActiveCfg = Release|Any CPU
		{D1E6423A-22CF-4C7B-A8AB-0939C888F603}.Release|Any CPU.Build.0 = Release|Any CPU
	EndGlobalSection
	GlobalSection(SolutionProperties) = preSolution
		HideSolutionNode = FALSE
	EndGlobalSection
	GlobalSection(ExtensibilityGlobals) = postSolution
		SolutionGuid = {F46BEA43-2EE3-4E47-8539-CA1C28BAD7AA}
	EndGlobalSection
EndGlobal
